
Microsoft Visual Studio Solution File, Format Version 12.00
# Visual Studio Version 16
VisualStudioVersion = 16.0.30204.135
MinimumVisualStudioVersion = 10.0.40219.1
Project("{FAE04EC0-301F-11D3-BF4B-00C04F79EFBC}") = "RingCacheManagerTest", "RingCacheManagerTest\RingCacheManagerTest.csproj", "{094B1D75-0880-4BB2-A611-D28735C6C6F9}"
EndProject
Global
	GlobalSection(SolutionConfigurationPlatforms) = preSolution
		Debug|Any CPU = Debug|Any CPU
		Release|Any CPU = Release|Any CPU
	EndGlobalSection
	GlobalSection(ProjectConfigurationPlatforms) = postSolution
		{094B1D75-0880-4BB2-A611-D28735C6C6F9}.Debug|Any CPU.ActiveCfg = Debug|Any CPU
		{094B1D75-0880-4BB2-A611-D28735C6C6F9}.Debug|Any CPU.Build.0 = Debug|Any CPU
		{094B1D75-0880-4BB2-A611-D28735C6C6F9}.Release|Any CPU.ActiveCfg = Release|Any CPU
		{094B1D75-0880-4BB2-A611-D28735C6C6F9}.Release|Any CPU.Build.0 = Release|Any CPU
	EndGlobalSection
	GlobalSection(SolutionProperties) = preSolution
		HideSolutionNode = FALSE
	EndGlobalSection
	GlobalSection(ExtensibilityGlobals) = postSolution
		SolutionGuid = {BE53A5ED-6D73-40C0-8C31-7E86BDA41B08}
	EndGlobalSection
EndGlobal
